
Microsoft Visual Studio Solution File, Format Version 12.00
# Visual Studio Version 16
VisualStudioVersion = 16.0.30011.22
MinimumVisualStudioVersion = 10.0.40219.1
Project("{2150E333-8FDC-42A3-9474-1A3956D46DE8}") = "backend", "backend", "{512B9AB9-C0CA-4F0C-A683-0955296F02A6}"
EndProject
Project("{2150E333-8FDC-42A3-9474-1A3956D46DE8}") = "0-presentation", "0-presentation", "{FDB07EB7-06DD-4072-8BF1-AD2C3B2531DB}"
EndProject
Project("{2150E333-8FDC-42A3-9474-1A3956D46DE8}") = "3-utils", "3-utils", "{85AD477D-F8BE-4E02-B85E-1D8898E12C96}"
EndProject
Project("{9A19103F-16F7-4668-BE54-9A1E7A4F7556}") = "FS.Api", "src\backend\FS.Api\FS.Api.csproj", "{0EFFB3D4-3EDA-4417-A82B-9A734629A12B}"
EndProject
Project("{9A19103F-16F7-4668-BE54-9A1E7A4F7556}") = "FS.Utils", "src\backend\FS.Utils\FS.Utils.csproj", "{EE207B2A-20CB-411A-BE3D-BB9C00A74FDD}"
EndProject
Project("{2150E333-8FDC-42A3-9474-1A3956D46DE8}") = "Test", "Test", "{6D149DFF-3028-448D-A786-D55674569CEE}"
EndProject
Project("{9A19103F-16F7-4668-BE54-9A1E7A4F7556}") = "FS.Api.Test", "test\FS.Api.Test\FS.Api.Test.csproj", "{45EAEF5B-51E2-4DF1-A167-59BF3D502DCA}"
EndProject
Project("{9A19103F-16F7-4668-BE54-9A1E7A4F7556}") = "FS.Client.Test", "test\FS.Client.Test\FS.Client.Test.csproj", "{D7250445-DAC8-4F84-B142-F47487A50B9F}"
EndProject
Project("{2150E333-8FDC-42A3-9474-1A3956D46DE8}") = "Test", "Test", "{3C09D667-4C3D-4016-89DA-C4B30600F878}"
EndProject
Project("{9A19103F-16F7-4668-BE54-9A1E7A4F7556}") = "FS.Utils.Test", "test\FS.Utils.Test\FS.Utils.Test.csproj", "{6C5ED5F0-2289-444E-91DB-79870744DCD0}"
EndProject
Project("{2150E333-8FDC-42A3-9474-1A3956D46DE8}") = "2-data", "2-data", "{4188C079-65C5-407A-89E4-90FD53F32E61}"
EndProject
Project("{9A19103F-16F7-4668-BE54-9A1E7A4F7556}") = "FS.Data", "src\backend\FS.Infrastructure\FS.Data.csproj", "{646B964D-5612-43EB-A54F-97E932703FB0}"
EndProject
Project("{2150E333-8FDC-42A3-9474-1A3956D46DE8}") = "1-domain", "1-domain", "{A6D013B6-D44D-469E-9412-92E0CEC90274}"
EndProject
Project("{9A19103F-16F7-4668-BE54-9A1E7A4F7556}") = "FS.Domain.Model", "src\backend\FS.Domain.Model\FS.Domain.Model.csproj", "{5461B8AB-2BC0-4C20-BABF-66A8224E97E7}"
EndProject
Project("{9A19103F-16F7-4668-BE54-9A1E7A4F7556}") = "FS.Domain.Core", "src\backend\FS.Domain\FS.Domain.Core.csproj", "{D68AB854-FE81-4F24-BD10-76F15FCEFD07}"
EndProject
Project("{2150E333-8FDC-42A3-9474-1A3956D46DE8}") = "Test", "Test", "{8047A980-E9EF-4D30-8D6E-53B16BEF508F}"
EndProject
Project("{9A19103F-16F7-4668-BE54-9A1E7A4F7556}") = "FS.Domain.Core.Test", "test\FS.Domain.Test\FS.Domain.Core.Test.csproj", "{0CC34A05-5EFE-4EB0-91CC-30514B4527A3}"
EndProject
Project("{9A19103F-16F7-4668-BE54-9A1E7A4F7556}") = "FS.Domain.Model.Test", "test\FS.Domain.Model.Test\FS.Domain.Model.Test.csproj", "{754DB609-3632-4F85-B491-80F71BCBBBDA}"
EndProject
Project("{2150E333-8FDC-42A3-9474-1A3956D46DE8}") = "Test", "Test", "{96FB5A90-8E49-4394-B9B0-B23BE208E3FC}"
EndProject
Project("{9A19103F-16F7-4668-BE54-9A1E7A4F7556}") = "FS.Data.Test", "test\FS.Infrastructure.Test\FS.Data.Test.csproj", "{030B6D71-1EEF-4848-A1ED-5B169250868E}"
EndProject
Project("{FAE04EC0-301F-11D3-BF4B-00C04F79EFBC}") = "FS.DataObject", "src\backend\FS.DataObject\FS.DataObject.csproj", "{81F9E7FA-1310-4C37-B3F1-C69FF2743B73}"
EndProject
Global
	GlobalSection(SolutionConfigurationPlatforms) = preSolution
		Debug|Any CPU = Debug|Any CPU
		Debug|iPhone = Debug|iPhone
		Debug|iPhoneSimulator = Debug|iPhoneSimulator
		Release|Any CPU = Release|Any CPU
		Release|iPhone = Release|iPhone
		Release|iPhoneSimulator = Release|iPhoneSimulator
	EndGlobalSection
	GlobalSection(ProjectConfigurationPlatforms) = postSolution
		{0EFFB3D4-3EDA-4417-A82B-9A734629A12B}.Debug|Any CPU.ActiveCfg = Debug|Any CPU
		{0EFFB3D4-3EDA-4417-A82B-9A734629A12B}.Debug|Any CPU.Build.0 = Debug|Any CPU
		{0EFFB3D4-3EDA-4417-A82B-9A734629A12B}.Debug|iPhone.ActiveCfg = Debug|Any CPU
		{0EFFB3D4-3EDA-4417-A82B-9A734629A12B}.Debug|iPhone.Build.0 = Debug|Any CPU
		{0EFFB3D4-3EDA-4417-A82B-9A734629A12B}.Debug|iPhoneSimulator.ActiveCfg = Debug|Any CPU
		{0EFFB3D4-3EDA-4417-A82B-9A734629A12B}.Debug|iPhoneSimulator.Build.0 = Debug|Any CPU
		{0EFFB3D4-3EDA-4417-A82B-9A734629A12B}.Release|Any CPU.ActiveCfg = Release|Any CPU
		{0EFFB3D4-3EDA-4417-A82B-9A734629A12B}.Release|Any CPU.Build.0 = Release|Any CPU
		{0EFFB3D4-3EDA-4417-A82B-9A734629A12B}.Release|iPhone.ActiveCfg = Release|Any CPU
		{0EFFB3D4-3EDA-4417-A82B-9A734629A12B}.Release|iPhone.Build.0 = Release|Any CPU
		{0EFFB3D4-3EDA-4417-A82B-9A734629A12B}.Release|iPhoneSimulator.ActiveCfg = Release|Any CPU
		{0EFFB3D4-3EDA-4417-A82B-9A734629A12B}.Release|iPhoneSimulator.Build.0 = Release|Any CPU
		{EE207B2A-20CB-411A-BE3D-BB9C00A74FDD}.Debug|Any CPU.ActiveCfg = Debug|Any CPU
		{EE207B2A-20CB-411A-BE3D-BB9C00A74FDD}.Debug|Any CPU.Build.0 = Debug|Any CPU
		{EE207B2A-20CB-411A-BE3D-BB9C00A74FDD}.Debug|iPhone.ActiveCfg = Debug|Any CPU
		{EE207B2A-20CB-411A-BE3D-BB9C00A74FDD}.Debug|iPhone.Build.0 = Debug|Any CPU
		{EE207B2A-20CB-411A-BE3D-BB9C00A74FDD}.Debug|iPhoneSimulator.ActiveCfg = Debug|Any CPU
		{EE207B2A-20CB-411A-BE3D-BB9C00A74FDD}.Debug|iPhoneSimulator.Build.0 = Debug|Any CPU
		{EE207B2A-20CB-411A-BE3D-BB9C00A74FDD}.Release|Any CPU.ActiveCfg = Release|Any CPU
		{EE207B2A-20CB-411A-BE3D-BB9C00A74FDD}.Release|Any CPU.Build.0 = Release|Any CPU
		{EE207B2A-20CB-411A-BE3D-BB9C00A74FDD}.Release|iPhone.ActiveCfg = Release|Any CPU
		{EE207B2A-20CB-411A-BE3D-BB9C00A74FDD}.Release|iPhone.Build.0 = Release|Any CPU
		{EE207B2A-20CB-411A-BE3D-BB9C00A74FDD}.Release|iPhoneSimulator.ActiveCfg = Release|Any CPU
		{EE207B2A-20CB-411A-BE3D-BB9C00A74FDD}.Release|iPhoneSimulator.Build.0 = Release|Any CPU
		{45EAEF5B-51E2-4DF1-A167-59BF3D502DCA}.Debug|Any CPU.ActiveCfg = Debug|Any CPU
		{45EAEF5B-51E2-4DF1-A167-59BF3D502DCA}.Debug|Any CPU.Build.0 = Debug|Any CPU
		{45EAEF5B-51E2-4DF1-A167-59BF3D502DCA}.Debug|iPhone.ActiveCfg = Debug|Any CPU
		{45EAEF5B-51E2-4DF1-A167-59BF3D502DCA}.Debug|iPhone.Build.0 = Debug|Any CPU
		{45EAEF5B-51E2-4DF1-A167-59BF3D502DCA}.Debug|iPhoneSimulator.ActiveCfg = Debug|Any CPU
		{45EAEF5B-51E2-4DF1-A167-59BF3D502DCA}.Debug|iPhoneSimulator.Build.0 = Debug|Any CPU
		{45EAEF5B-51E2-4DF1-A167-59BF3D502DCA}.Release|Any CPU.ActiveCfg = Release|Any CPU
		{45EAEF5B-51E2-4DF1-A167-59BF3D502DCA}.Release|Any CPU.Build.0 = Release|Any CPU
		{45EAEF5B-51E2-4DF1-A167-59BF3D502DCA}.Release|iPhone.ActiveCfg = Release|Any CPU
		{45EAEF5B-51E2-4DF1-A167-59BF3D502DCA}.Release|iPhone.Build.0 = Release|Any CPU
		{45EAEF5B-51E2-4DF1-A167-59BF3D502DCA}.Release|iPhoneSimulator.ActiveCfg = Release|Any CPU
		{45EAEF5B-51E2-4DF1-A167-59BF3D502DCA}.Release|iPhoneSimulator.Build.0 = Release|Any CPU
		{D7250445-DAC8-4F84-B142-F47487A50B9F}.Debug|Any CPU.ActiveCfg = Debug|Any CPU
		{D7250445-DAC8-4F84-B142-F47487A50B9F}.Debug|Any CPU.Build.0 = Debug|Any CPU
		{D7250445-DAC8-4F84-B142-F47487A50B9F}.Debug|iPhone.ActiveCfg = Debug|Any CPU
		{D7250445-DAC8-4F84-B142-F47487A50B9F}.Debug|iPhone.Build.0 = Debug|Any CPU
		{D7250445-DAC8-4F84-B142-F47487A50B9F}.Debug|iPhoneSimulator.ActiveCfg = Debug|Any CPU
		{D7250445-DAC8-4F84-B142-F47487A50B9F}.Debug|iPhoneSimulator.Build.0 = Debug|Any CPU
		{D7250445-DAC8-4F84-B142-F47487A50B9F}.Release|Any CPU.ActiveCfg = Release|Any CPU
		{D7250445-DAC8-4F84-B142-F47487A50B9F}.Release|Any CPU.Build.0 = Release|Any CPU
		{D7250445-DAC8-4F84-B142-F47487A50B9F}.Release|iPhone.ActiveCfg = Release|Any CPU
		{D7250445-DAC8-4F84-B142-F47487A50B9F}.Release|iPhone.Build.0 = Release|Any CPU
		{D7250445-DAC8-4F84-B142-F47487A50B9F}.Release|iPhoneSimulator.ActiveCfg = Release|Any CPU
		{D7250445-DAC8-4F84-B142-F47487A50B9F}.Release|iPhoneSimulator.Build.0 = Release|Any CPU
		{6C5ED5F0-2289-444E-91DB-79870744DCD0}.Debug|Any CPU.ActiveCfg = Debug|Any CPU
		{6C5ED5F0-2289-444E-91DB-79870744DCD0}.Debug|Any CPU.Build.0 = Debug|Any CPU
		{6C5ED5F0-2289-444E-91DB-79870744DCD0}.Debug|iPhone.ActiveCfg = Debug|Any CPU
		{6C5ED5F0-2289-444E-91DB-79870744DCD0}.Debug|iPhone.Build.0 = Debug|Any CPU
		{6C5ED5F0-2289-444E-91DB-79870744DCD0}.Debug|iPhoneSimulator.ActiveCfg = Debug|Any CPU
		{6C5ED5F0-2289-444E-91DB-79870744DCD0}.Debug|iPhoneSimulator.Build.0 = Debug|Any CPU
		{6C5ED5F0-2289-444E-91DB-79870744DCD0}.Release|Any CPU.ActiveCfg = Release|Any CPU
		{6C5ED5F0-2289-444E-91DB-79870744DCD0}.Release|Any CPU.Build.0 = Release|Any CPU
		{6C5ED5F0-2289-444E-91DB-79870744DCD0}.Release|iPhone.ActiveCfg = Release|Any CPU
		{6C5ED5F0-2289-444E-91DB-79870744DCD0}.Release|iPhone.Build.0 = Release|Any CPU
		{6C5ED5F0-2289-444E-91DB-79870744DCD0}.Release|iPhoneSimulator.ActiveCfg = Release|Any CPU
		{6C5ED5F0-2289-444E-91DB-79870744DCD0}.Release|iPhoneSimulator.Build.0 = Release|Any CPU
		{646B964D-5612-43EB-A54F-97E932703FB0}.Debug|Any CPU.ActiveCfg = Debug|Any CPU
		{646B964D-5612-43EB-A54F-97E932703FB0}.Debug|Any CPU.Build.0 = Debug|Any CPU
		{646B964D-5612-43EB-A54F-97E932703FB0}.Debug|iPhone.ActiveCfg = Debug|Any CPU
		{646B964D-5612-43EB-A54F-97E932703FB0}.Debug|iPhone.Build.0 = Debug|Any CPU
		{646B964D-5612-43EB-A54F-97E932703FB0}.Debug|iPhoneSimulator.ActiveCfg = Debug|Any CPU
		{646B964D-5612-43EB-A54F-97E932703FB0}.Debug|iPhoneSimulator.Build.0 = Debug|Any CPU
		{646B964D-5612-43EB-A54F-97E932703FB0}.Release|Any CPU.ActiveCfg = Release|Any CPU
		{646B964D-5612-43EB-A54F-97E932703FB0}.Release|Any CPU.Build.0 = Release|Any CPU
		{646B964D-5612-43EB-A54F-97E932703FB0}.Release|iPhone.ActiveCfg = Release|Any CPU
		{646B964D-5612-43EB-A54F-97E932703FB0}.Release|iPhone.Build.0 = Release|Any CPU
		{646B964D-5612-43EB-A54F-97E932703FB0}.Release|iPhoneSimulator.ActiveCfg = Release|Any CPU
		{646B964D-5612-43EB-A54F-97E932703FB0}.Release|iPhoneSimulator.Build.0 = Release|Any CPU
		{5461B8AB-2BC0-4C20-BABF-66A8224E97E7}.Debug|Any CPU.ActiveCfg = Debug|Any CPU
		{5461B8AB-2BC0-4C20-BABF-66A8224E97E7}.Debug|Any CPU.Build.0 = Debug|Any CPU
		{5461B8AB-2BC0-4C20-BABF-66A8224E97E7}.Debug|iPhone.ActiveCfg = Debug|Any CPU
		{5461B8AB-2BC0-4C20-BABF-66A8224E97E7}.Debug|iPhone.Build.0 = Debug|Any CPU
		{5461B8AB-2BC0-4C20-BABF-66A8224E97E7}.Debug|iPhoneSimulator.ActiveCfg = Debug|Any CPU
		{5461B8AB-2BC0-4C20-BABF-66A8224E97E7}.Debug|iPhoneSimulator.Build.0 = Debug|Any CPU
		{5461B8AB-2BC0-4C20-BABF-66A8224E97E7}.Release|Any CPU.ActiveCfg = Release|Any CPU
		{5461B8AB-2BC0-4C20-BABF-66A8224E97E7}.Release|Any CPU.Build.0 = Release|Any CPU
		{5461B8AB-2BC0-4C20-BABF-66A8224E97E7}.Release|iPhone.ActiveCfg = Release|Any CPU
		{5461B8AB-2BC0-4C20-BABF-66A8224E97E7}.Release|iPhone.Build.0 = Release|Any CPU
		{5461B8AB-2BC0-4C20-BABF-66A8224E97E7}.Release|iPhoneSimulator.ActiveCfg = Release|Any CPU
		{5461B8AB-2BC0-4C20-BABF-66A8224E97E7}.Release|iPhoneSimulator.Build.0 = Release|Any CPU
		{D68AB854-FE81-4F24-BD10-76F15FCEFD07}.Debug|Any CPU.ActiveCfg = Debug|Any CPU
		{D68AB854-FE81-4F24-BD10-76F15FCEFD07}.Debug|Any CPU.Build.0 = Debug|Any CPU
		{D68AB854-FE81-4F24-BD10-76F15FCEFD07}.Debug|iPhone.ActiveCfg = Debug|Any CPU
		{D68AB854-FE81-4F24-BD10-76F15FCEFD07}.Debug|iPhone.Build.0 = Debug|Any CPU
		{D68AB854-FE81-4F24-BD10-76F15FCEFD07}.Debug|iPhoneSimulator.ActiveCfg = Debug|Any CPU
		{D68AB854-FE81-4F24-BD10-76F15FCEFD07}.Debug|iPhoneSimulator.Build.0 = Debug|Any CPU
		{D68AB854-FE81-4F24-BD10-76F15FCEFD07}.Release|Any CPU.ActiveCfg = Release|Any CPU
		{D68AB854-FE81-4F24-BD10-76F15FCEFD07}.Release|Any CPU.Build.0 = Release|Any CPU
		{D68AB854-FE81-4F24-BD10-76F15FCEFD07}.Release|iPhone.ActiveCfg = Release|Any CPU
		{D68AB854-FE81-4F24-BD10-76F15FCEFD07}.Release|iPhone.Build.0 = Release|Any CPU
		{D68AB854-FE81-4F24-BD10-76F15FCEFD07}.Release|iPhoneSimulator.ActiveCfg = Release|Any CPU
		{D68AB854-FE81-4F24-BD10-76F15FCEFD07}.Release|iPhoneSimulator.Build.0 = Release|Any CPU
		{0CC34A05-5EFE-4EB0-91CC-30514B4527A3}.Debug|Any CPU.ActiveCfg = Debug|Any CPU
		{0CC34A05-5EFE-4EB0-91CC-30514B4527A3}.Debug|Any CPU.Build.0 = Debug|Any CPU
		{0CC34A05-5EFE-4EB0-91CC-30514B4527A3}.Debug|iPhone.ActiveCfg = Debug|Any CPU
		{0CC34A05-5EFE-4EB0-91CC-30514B4527A3}.Debug|iPhone.Build.0 = Debug|Any CPU
		{0CC34A05-5EFE-4EB0-91CC-30514B4527A3}.Debug|iPhoneSimulator.ActiveCfg = Debug|Any CPU
		{0CC34A05-5EFE-4EB0-91CC-30514B4527A3}.Debug|iPhoneSimulator.Build.0 = Debug|Any CPU
		{0CC34A05-5EFE-4EB0-91CC-30514B4527A3}.Release|Any CPU.ActiveCfg = Release|Any CPU
		{0CC34A05-5EFE-4EB0-91CC-30514B4527A3}.Release|Any CPU.Build.0 = Release|Any CPU
		{0CC34A05-5EFE-4EB0-91CC-30514B4527A3}.Release|iPhone.ActiveCfg = Release|Any CPU
		{0CC34A05-5EFE-4EB0-91CC-30514B4527A3}.Release|iPhone.Build.0 = Release|Any CPU
		{0CC34A05-5EFE-4EB0-91CC-30514B4527A3}.Release|iPhoneSimulator.ActiveCfg = Release|Any CPU
		{0CC34A05-5EFE-4EB0-91CC-30514B4527A3}.Release|iPhoneSimulator.Build.0 = Release|Any CPU
		{754DB609-3632-4F85-B491-80F71BCBBBDA}.Debug|Any CPU.ActiveCfg = Debug|Any CPU
		{754DB609-3632-4F85-B491-80F71BCBBBDA}.Debug|Any CPU.Build.0 = Debug|Any CPU
		{754DB609-3632-4F85-B491-80F71BCBBBDA}.Debug|iPhone.ActiveCfg = Debug|Any CPU
		{754DB609-3632-4F85-B491-80F71BCBBBDA}.Debug|iPhone.Build.0 = Debug|Any CPU
		{754DB609-3632-4F85-B491-80F71BCBBBDA}.Debug|iPhoneSimulator.ActiveCfg = Debug|Any CPU
		{754DB609-3632-4F85-B491-80F71BCBBBDA}.Debug|iPhoneSimulator.Build.0 = Debug|Any CPU
		{754DB609-3632-4F85-B491-80F71BCBBBDA}.Release|Any CPU.ActiveCfg = Release|Any CPU
		{754DB609-3632-4F85-B491-80F71BCBBBDA}.Release|Any CPU.Build.0 = Release|Any CPU
		{754DB609-3632-4F85-B491-80F71BCBBBDA}.Release|iPhone.ActiveCfg = Release|Any CPU
		{754DB609-3632-4F85-B491-80F71BCBBBDA}.Release|iPhone.Build.0 = Release|Any CPU
		{754DB609-3632-4F85-B491-80F71BCBBBDA}.Release|iPhoneSimulator.ActiveCfg = Release|Any CPU
		{754DB609-3632-4F85-B491-80F71BCBBBDA}.Release|iPhoneSimulator.Build.0 = Release|Any CPU
		{030B6D71-1EEF-4848-A1ED-5B169250868E}.Debug|Any CPU.ActiveCfg = Debug|Any CPU
		{030B6D71-1EEF-4848-A1ED-5B169250868E}.Debug|Any CPU.Build.0 = Debug|Any CPU
		{030B6D71-1EEF-4848-A1ED-5B169250868E}.Debug|iPhone.ActiveCfg = Debug|Any CPU
		{030B6D71-1EEF-4848-A1ED-5B169250868E}.Debug|iPhone.Build.0 = Debug|Any CPU
		{030B6D71-1EEF-4848-A1ED-5B169250868E}.Debug|iPhoneSimulator.ActiveCfg = Debug|Any CPU
		{030B6D71-1EEF-4848-A1ED-5B169250868E}.Debug|iPhoneSimulator.Build.0 = Debug|Any CPU
		{030B6D71-1EEF-4848-A1ED-5B169250868E}.Release|Any CPU.ActiveCfg = Release|Any CPU
		{030B6D71-1EEF-4848-A1ED-5B169250868E}.Release|Any CPU.Build.0 = Release|Any CPU
		{030B6D71-1EEF-4848-A1ED-5B169250868E}.Release|iPhone.ActiveCfg = Release|Any CPU
		{030B6D71-1EEF-4848-A1ED-5B169250868E}.Release|iPhone.Build.0 = Release|Any CPU
		{030B6D71-1EEF-4848-A1ED-5B169250868E}.Release|iPhoneSimulator.ActiveCfg = Release|Any CPU
		{030B6D71-1EEF-4848-A1ED-5B169250868E}.Release|iPhoneSimulator.Build.0 = Release|Any CPU
		{81F9E7FA-1310-4C37-B3F1-C69FF2743B73}.Debug|Any CPU.ActiveCfg = Debug|Any CPU
		{81F9E7FA-1310-4C37-B3F1-C69FF2743B73}.Debug|Any CPU.Build.0 = Debug|Any CPU
		{81F9E7FA-1310-4C37-B3F1-C69FF2743B73}.Debug|iPhone.ActiveCfg = Debug|Any CPU
		{81F9E7FA-1310-4C37-B3F1-C69FF2743B73}.Debug|iPhone.Build.0 = Debug|Any CPU
		{81F9E7FA-1310-4C37-B3F1-C69FF2743B73}.Debug|iPhoneSimulator.ActiveCfg = Debug|Any CPU
		{81F9E7FA-1310-4C37-B3F1-C69FF2743B73}.Debug|iPhoneSimulator.Build.0 = Debug|Any CPU
		{81F9E7FA-1310-4C37-B3F1-C69FF2743B73}.Release|Any CPU.ActiveCfg = Release|Any CPU
		{81F9E7FA-1310-4C37-B3F1-C69FF2743B73}.Release|Any CPU.Build.0 = Release|Any CPU
		{81F9E7FA-1310-4C37-B3F1-C69FF2743B73}.Release|iPhone.ActiveCfg = Release|Any CPU
		{81F9E7FA-1310-4C37-B3F1-C69FF2743B73}.Release|iPhone.Build.0 = Release|Any CPU
		{81F9E7FA-1310-4C37-B3F1-C69FF2743B73}.Release|iPhoneSimulator.ActiveCfg = Release|Any CPU
		{81F9E7FA-1310-4C37-B3F1-C69FF2743B73}.Release|iPhoneSimulator.Build.0 = Release|Any CPU
	EndGlobalSection
	GlobalSection(SolutionProperties) = preSolution
		HideSolutionNode = FALSE
	EndGlobalSection
	GlobalSection(NestedProjects) = preSolution
		{FDB07EB7-06DD-4072-8BF1-AD2C3B2531DB} = {512B9AB9-C0CA-4F0C-A683-0955296F02A6}
		{85AD477D-F8BE-4E02-B85E-1D8898E12C96} = {512B9AB9-C0CA-4F0C-A683-0955296F02A6}
		{0EFFB3D4-3EDA-4417-A82B-9A734629A12B} = {FDB07EB7-06DD-4072-8BF1-AD2C3B2531DB}
		{EE207B2A-20CB-411A-BE3D-BB9C00A74FDD} = {85AD477D-F8BE-4E02-B85E-1D8898E12C96}
		{6D149DFF-3028-448D-A786-D55674569CEE} = {FDB07EB7-06DD-4072-8BF1-AD2C3B2531DB}
		{45EAEF5B-51E2-4DF1-A167-59BF3D502DCA} = {6D149DFF-3028-448D-A786-D55674569CEE}
		{D7250445-DAC8-4F84-B142-F47487A50B9F} = {6D149DFF-3028-448D-A786-D55674569CEE}
		{3C09D667-4C3D-4016-89DA-C4B30600F878} = {85AD477D-F8BE-4E02-B85E-1D8898E12C96}
		{6C5ED5F0-2289-444E-91DB-79870744DCD0} = {3C09D667-4C3D-4016-89DA-C4B30600F878}
		{4188C079-65C5-407A-89E4-90FD53F32E61} = {512B9AB9-C0CA-4F0C-A683-0955296F02A6}
		{646B964D-5612-43EB-A54F-97E932703FB0} = {4188C079-65C5-407A-89E4-90FD53F32E61}
		{A6D013B6-D44D-469E-9412-92E0CEC90274} = {512B9AB9-C0CA-4F0C-A683-0955296F02A6}
		{5461B8AB-2BC0-4C20-BABF-66A8224E97E7} = {A6D013B6-D44D-469E-9412-92E0CEC90274}
		{D68AB854-FE81-4F24-BD10-76F15FCEFD07} = {A6D013B6-D44D-469E-9412-92E0CEC90274}
		{8047A980-E9EF-4D30-8D6E-53B16BEF508F} = {A6D013B6-D44D-469E-9412-92E0CEC90274}
		{0CC34A05-5EFE-4EB0-91CC-30514B4527A3} = {8047A980-E9EF-4D30-8D6E-53B16BEF508F}
		{754DB609-3632-4F85-B491-80F71BCBBBDA} = {8047A980-E9EF-4D30-8D6E-53B16BEF508F}
		{96FB5A90-8E49-4394-B9B0-B23BE208E3FC} = {4188C079-65C5-407A-89E4-90FD53F32E61}
		{030B6D71-1EEF-4848-A1ED-5B169250868E} = {96FB5A90-8E49-4394-B9B0-B23BE208E3FC}
		{81F9E7FA-1310-4C37-B3F1-C69FF2743B73} = {85AD477D-F8BE-4E02-B85E-1D8898E12C96}
	EndGlobalSection
	GlobalSection(ExtensibilityGlobals) = postSolution
		SolutionGuid = {595DAD94-E98E-4BCD-9CFC-751DE0AF4F36}
	EndGlobalSection
EndGlobal
